github.com/0xluk/go-qubic v0.0.0-20231120172212-b9de3215c9e3 h1:8Sav9msgVtGqj0KwJ+Tk8NUvjtfmwIyzwUdeVGunmxY=
github.com/0xluk/go-qubic v0.0.0-20231120172212-b9de3215c9e3/go.mod h1:OfFTrvl7CeAcVlTCtmML0+7bqR+/YGZZbZiPFS3m4ZE=
github.com/ardanlabs/conf v1.5.0 h1:5TwP6Wu9Xi07eLFEpiCUF3oQXh9UzHMDVnD3u/I5d5c=
github.com/ardanlabs/conf v1.5.0/go.mod h1:ILsMo9dMqYzCxDjDXTiwMI0IgxOJd0MOiucbQY2wlJw=
github.com/google/go-cmp v0.3.1 h1:Xye71clBPdm5HgqGwUkwhbynsUJZhDbS20FvLhQ2izg=
github.com/google/go-cmp v0.3.1/go.mod h1:8QqcDgzrUqlUb/G2PQTWiueGozuR1884gddMywk6iLU=
github.com/gorilla/mux v1.8.1 h1:TuBL49tXwgrFYWhqrNgrUNEY92u81SPhu7sTdzQEiWY=
github.com/gorilla/mux v1.8.1/go.mod h1:AKf9I4AEqPTmMytcMc0KkNouC66V3BtZ4qD5fmWSiMQ=
github.com/pkg/errors v0.9.1 h1:FEBLx1zS214owpjy7qsBeixbURkuhQAwrK5UwLGTwt4=
github.com/pkg/errors v0.9.1/go.mod h1:bwawxfHBFNV+L2hUp1rHADufV3IMtnDRdf1r5NINEl0=
